speakeasyVersion: 1.761.9
sources:
    Moflay API:
        sourceNamespace: moflay-api
        sourceRevisionDigest: sha256:dece6136ccafdfcf9e3f62b5cd3a3bde4a0058472e0c9e49f53e4b7f8dbd36c6
        sourceBlobDigest: sha256:4219e50460a554068b169d8a0131c9e5b4ea997572b578ca4582c2724cb38ade
        tags:
            - latest
            - 1.0.0
targets:
    moflay:
        source: Moflay API
        sourceNamespace: moflay-api
        sourceRevisionDigest: sha256:dece6136ccafdfcf9e3f62b5cd3a3bde4a0058472e0c9e49f53e4b7f8dbd36c6
        sourceBlobDigest: sha256:4219e50460a554068b169d8a0131c9e5b4ea997572b578ca4582c2724cb38ade
        codeSamplesNamespace: moflay-api-typescript-code-samples
        codeSamplesRevisionDigest: sha256:ef9c0771aa0ebe369ea9bc0366d4e1331bd953953d7cbeebf22ac2c27b11fbdf
workflow:
    workflowVersion: 1.0.0
    speakeasyVersion: latest
    sources:
        Moflay API:
            inputs:
                - location: https://api.moflay.com/openapi
            output: .speakeasy/out.openapi.yaml
            registry:
                location: registry.speakeasyapi.dev/moflay/moflay/moflay-api
    targets:
        moflay:
            target: typescript
            source: Moflay API
            publish:
                npm:
                    token: $npm_token
            codeSamples:
                registry:
                    location: registry.speakeasyapi.dev/moflay/moflay/moflay-api-typescript-code-samples
                labelOverride:
                    fixedValue: Typescript (SDK)
                blocking: false
