speakeasyVersion: 1.762.0
sources:
    Moflay API:
        sourceNamespace: moflay-api
        sourceRevisionDigest: sha256:6661ea5339f4885c5648a48a5f1b2a0b8f25d3f7b722cbda0f783b6f07da9917
        sourceBlobDigest: sha256:00789c5f1277ba6d9858a7bb9278be9a89a88e4af73d25af4a1644df345fac0c
        tags:
            - latest
            - 1.0.0
targets:
    moflay:
        source: Moflay API
        sourceNamespace: moflay-api
        sourceRevisionDigest: sha256:6661ea5339f4885c5648a48a5f1b2a0b8f25d3f7b722cbda0f783b6f07da9917
        sourceBlobDigest: sha256:00789c5f1277ba6d9858a7bb9278be9a89a88e4af73d25af4a1644df345fac0c
        codeSamplesNamespace: moflay-api-typescript-code-samples
        codeSamplesRevisionDigest: sha256:28a529aa37ad8f612f9ff892748715d78e757c810bf399a3d4ecd10cf3bed17e
workflow:
    workflowVersion: 1.0.0
    speakeasyVersion: latest
    sources:
        Moflay API:
            inputs:
                - location: https://api.moflay.com/openapi
            output: .speakeasy/out.openapi.yaml
            registry:
                location: registry.speakeasyapi.dev/moflay/moflay/moflay-api
    targets:
        moflay:
            target: typescript
            source: Moflay API
            publish:
                npm:
                    token: $npm_token
            codeSamples:
                registry:
                    location: registry.speakeasyapi.dev/moflay/moflay/moflay-api-typescript-code-samples
                labelOverride:
                    fixedValue: Typescript (SDK)
                blocking: false
